// !$*UTF8*$!
{
	archiveVersion = 1;
	classes = {
	};
	objectVersion = 46;
	objects = {

/* Begin PBXBuildFile section */
		0075D230EBD172FB14FC3888 /* libPods-PBKeyValueDB.a in Frameworks */ = {isa = PBXBuildFile; fileRef = C92B2EA28F529086C188A4FB /* libPods-PBKeyValueDB.a */; };
		91A979701DF7F67500982FDC /* main.m in Sources */ = {isa = PBXBuildFile; fileRef = 91A9796F1DF7F67500982FDC /* main.m */; };
		91A979731DF7F67500982FDC /* AppDelegate.m in Sources */ = {isa = PBXBuildFile; fileRef = 91A979721DF7F67500982FDC /* AppDelegate.m */; };
		91A979761DF7F67500982FDC /* ViewController.m in Sources */ = {isa = PBXBuildFile; fileRef = 91A979751DF7F67500982FDC /* ViewController.m */; };
		91A979791DF7F67500982FDC /* Main.storyboard in Resources */ = {isa = PBXBuildFile; fileRef = 91A979771DF7F67500982FDC /* Main.storyboard */; };
		91A9797B1DF7F67500982FDC /* Assets.xcassets in Resources */ = {isa = PBXBuildFile; fileRef = 91A9797A1DF7F67500982FDC /* Assets.xcassets */; };
		91A9797E1DF7F67500982FDC /* LaunchScreen.storyboard in Resources */ = {isa = PBXBuildFile; fileRef = 91A9797C1DF7F67500982FDC /* LaunchScreen.storyboard */; };
		91A979881DF7F6C600982FDC /* PBKeyValueDB.m in Sources */ = {isa = PBXBuildFile; fileRef = 91A979871DF7F6C600982FDC /* PBKeyValueDB.m */; };
/* End PBXBuildFile section */

/* Begin PBXFileReference section */
		91A9796B1DF7F67500982FDC /* PBKeyValueDB.app */ = {isa = PBXFileReference; explicitFileType = wrapper.application; includeInIndex = 0; path = PBKeyValueDB.app; sourceTree = BUILT_PRODUCTS_DIR; };
		91A9796F1DF7F67500982FDC /* main.m */ = {isa = PBXFileReference; lastKnownFileType = sourcecode.c.objc; path = main.m; sourceTree = "<group>"; };
		91A979711DF7F67500982FDC /* AppDelegate.h */ = {isa = PBXFileReference; lastKnownFileType = sourcecode.c.h; path = AppDelegate.h; sourceTree = "<group>"; };
		91A979721DF7F67500982FDC /* AppDelegate.m */ = {isa = PBXFileReference; lastKnownFileType = sourcecode.c.objc; path = AppDelegate.m; sourceTree = "<group>"; };
		91A979741DF7F67500982FDC /* ViewController.h */ = {isa = PBXFileReference; lastKnownFileType = sourcecode.c.h; path = ViewController.h; sourceTree = "<group>"; };
		91A979751DF7F67500982FDC /* ViewController.m */ = {isa = PBXFileReference; lastKnownFileType = sourcecode.c.objc; path = ViewController.m; sourceTree = "<group>"; };
		91A979781DF7F67500982FDC /* Base */ = {isa = PBXFileReference; lastKnownFileType = file.storyboard; name = Base; path = Base.lproj/Main.storyboard; sourceTree = "<group>"; };
		91A9797A1DF7F67500982FDC /* Assets.xcassets */ = {isa = PBXFileReference; lastKnownFileType = folder.assetcatalog; path = Assets.xcassets; sourceTree = "<group>"; };
		91A9797D1DF7F67500982FDC /* Base */ = {isa = PBXFileReference; lastKnownFileType = file.storyboard; name = Base; path = Base.lproj/LaunchScreen.storyboard; sourceTree = "<group>"; };
		91A9797F1DF7F67500982FDC /* Info.plist */ = {isa = PBXFileReference; lastKnownFileType = text.plist.xml; path = Info.plist; sourceTree = "<group>"; };
		91A979861DF7F6C600982FDC /* PBKeyValueDB.h */ = {isa = PBXFileReference; fileEncoding = 4; lastKnownFileType = sourcecode.c.h; name = PBKeyValueDB.h; path = src/PBKeyValueDB.h; sourceTree = "<group>"; };
		91A979871DF7F6C600982FDC /* PBKeyValueDB.m */ = {isa = PBXFileReference; fileEncoding = 4; lastKnownFileType = sourcecode.c.objc; name = PBKeyValueDB.m; path = src/PBKeyValueDB.m; sourceTree = "<group>"; };
		A5F0F2DE431F4EA9317F6F8C /* Pods-PBKeyValueDB.release.xcconfig */ = {isa = PBXFileReference; includeInIndex = 1; lastKnownFileType = text.xcconfig; name = "Pods-PBKeyValueDB.release.xcconfig"; path = "Pods/Target Support Files/Pods-PBKeyValueDB/Pods-PBKeyValueDB.release.xcconfig"; sourceTree = "<group>"; };
		C92B2EA28F529086C188A4FB /* libPods-PBKeyValueDB.a */ = {isa = PBXFileReference; explicitFileType = archive.ar; includeInIndex = 0; path = "libPods-PBKeyValueDB.a"; sourceTree = BUILT_PRODUCTS_DIR; };
		F9EDA966212F19BAC38AC0F0 /* Pods-PBKeyValueDB.debug.xcconfig */ = {isa = PBXFileReference; includeInIndex = 1; lastKnownFileType = text.xcconfig; name = "Pods-PBKeyValueDB.debug.xcconfig"; path = "Pods/Target Support Files/Pods-PBKeyValueDB/Pods-PBKeyValueDB.debug.xcconfig"; sourceTree = "<group>"; };
/* End PBXFileReference section */

/* Begin PBXFrameworksBuildPhase section */
		91A979681DF7F67500982FDC /* Frameworks */ = {
			isa = PBXFrameworksBuildPhase;
			buildActionMask = 2147483647;
			files = (
				0075D230EBD172FB14FC3888 /* libPods-PBKeyValueDB.a in Frameworks */,
			);
			runOnlyForDeploymentPostprocessing = 0;
		};
/* End PBXFrameworksBuildPhase section */

/* Begin PBXGroup section */
		22D455954F6DB21A8C935145 /* Pods */ = {
			isa = PBXGroup;
			children = (
				F9EDA966212F19BAC38AC0F0 /* Pods-PBKeyValueDB.debug.xcconfig */,
				A5F0F2DE431F4EA9317F6F8C /* Pods-PBKeyValueDB.release.xcconfig */,
			);
			name = Pods;
			sourceTree = "<group>";
		};
		91A979621DF7F67500982FDC = {
			isa = PBXGroup;
			children = (
				91A979851DF7F67F00982FDC /* src */,
				91A9796D1DF7F67500982FDC /* PBKeyValueDB */,
				91A9796C1DF7F67500982FDC /* Products */,
				22D455954F6DB21A8C935145 /* Pods */,
				BB7C4BA1B69EFD09CF12A6A3 /* Frameworks */,
			);
			sourceTree = "<group>";
		};
		91A9796C1DF7F67500982FDC /* Products */ = {
			isa = PBXGroup;
			children = (
				91A9796B1DF7F67500982FDC /* PBKeyValueDB.app */,
			);
			name = Products;
			sourceTree = "<group>";
		};
		91A9796D1DF7F67500982FDC /* PBKeyValueDB */ = {
			isa = PBXGroup;
			children = (
				91A979711DF7F67500982FDC /* AppDelegate.h */,
				91A979721DF7F67500982FDC /* AppDelegate.m */,
				91A979741DF7F67500982FDC /* ViewController.h */,
				91A979751DF7F67500982FDC /* ViewController.m */,
				91A979771DF7F67500982FDC /* Main.storyboard */,
				91A9797A1DF7F67500982FDC /* Assets.xcassets */,
				91A9797C1DF7F67500982FDC /* LaunchScreen.storyboard */,
				91A9797F1DF7F67500982FDC /* Info.plist */,
				91A9796E1DF7F67500982FDC /* Supporting Files */,
			);
			path = PBKeyValueDB;
			sourceTree = "<group>";
		};
		91A9796E1DF7F67500982FDC /* Supporting Files */ = {
			isa = PBXGroup;
			children = (
				91A9796F1DF7F67500982FDC /* main.m */,
			);
			name = "Supporting Files";
			sourceTree = "<group>";
		};
		91A979851DF7F67F00982FDC /* src */ = {
			isa = PBXGroup;
			children = (
				91A979861DF7F6C600982FDC /* PBKeyValueDB.h */,
				91A979871DF7F6C600982FDC /* PBKeyValueDB.m */,
			);
			name = src;
			sourceTree = "<group>";
		};
		BB7C4BA1B69EFD09CF12A6A3 /* Frameworks */ = {
			isa = PBXGroup;
			children = (
				C92B2EA28F529086C188A4FB /* libPods-PBKeyValueDB.a */,
			);
			name = Frameworks;
			sourceTree = "<group>";
		};
/* End PBXGroup section */

/* Begin PBXNativeTarget section */
		91A9796A1DF7F67500982FDC /* PBKeyValueDB */ = {
			isa = PBXNativeTarget;
			buildConfigurationList = 91A979821DF7F67500982FDC /* Build configuration list for PBXNativeTarget "PBKeyValueDB" */;
			buildPhases = (
				C015E295FA44CD0C7705A541 /* [CP] Check Pods Manifest.lock */,
				91A979671DF7F67500982FDC /* Sources */,
				91A979681DF7F67500982FDC /* Frameworks */,
				91A979691DF7F67500982FDC /* Resources */,
				4DE1251D9B72EE611F3FD287 /* [CP] Embed Pods Frameworks */,
				1D26C0F1914C760131B63512 /* [CP] Copy Pods Resources */,
			);
			buildRules = (
			);
			dependencies = (
			);
			name = PBKeyValueDB;
			productName = PBKeyValueDB;
			productReference = 91A9796B1DF7F67500982FDC /* PBKeyValueDB.app */;
			productType = "com.apple.product-type.application";
		};
/* End PBXNativeTarget section */

/* Begin PBXProject section */
		91A979631DF7F67500982FDC /* Project object */ = {
			isa = PBXProject;
			attributes = {
				LastUpgradeCheck = 0810;
				ORGANIZATIONNAME = "PB-Tech";
				TargetAttributes = {
					91A9796A1DF7F67500982FDC = {
						CreatedOnToolsVersion = 8.1;
						DevelopmentTeam = A69NAS5AY7;
						ProvisioningStyle = Manual;
					};
				};
			};
			buildConfigurationList = 91A979661DF7F67500982FDC /* Build configuration list for PBXProject "PBKeyValueDB" */;
			compatibilityVersion = "Xcode 3.2";
			developmentRegion = English;
			hasScannedForEncodings = 0;
			knownRegions = (
				en,
				Base,
			);
			mainGroup = 91A979621DF7F67500982FDC;
			productRefGroup = 91A9796C1DF7F67500982FDC /* Products */;
			projectDirPath = "";
			projectRoot = "";
			targets = (
				91A9796A1DF7F67500982FDC /* PBKeyValueDB */,
			);
		};
/* End PBXProject section */

/* Begin PBXResourcesBuildPhase section */
		91A979691DF7F67500982FDC /* Resources */ = {
			isa = PBXResourcesBuildPhase;
			buildActionMask = 2147483647;
			files = (
				91A9797E1DF7F67500982FDC /* LaunchScreen.storyboard in Resources */,
				91A9797B1DF7F67500982FDC /* Assets.xcassets in Resources */,
				91A979791DF7F67500982FDC /* Main.storyboard in Resources */,
			);
			runOnlyForDeploymentPostprocessing = 0;
		};
/* End PBXResourcesBuildPhase section */

/* Begin PBXShellScriptBuildPhase section */
		1D26C0F1914C760131B63512 /* [CP] Copy Pods Resources */ = {
			isa = PBXShellScriptBuildPhase;
			buildActionMask = 2147483647;
			files = (
			);
			inputPaths = (
			);
			name = "[CP] Copy Pods Resources";
			outputPaths = (
			);
			runOnlyForDeploymentPostprocessing = 0;
			shellPath = /bin/sh;
			shellScript = "\"${SRCROOT}/Pods/Target Support Files/Pods-PBKeyValueDB/Pods-PBKeyValueDB-resources.sh\"\n";
			showEnvVarsInLog = 0;
		};
		4DE1251D9B72EE611F3FD287 /* [CP] Embed Pods Frameworks */ = {
			isa = PBXShellScriptBuildPhase;
			buildActionMask = 2147483647;
			files = (
			);
			inputPaths = (
			);
			name = "[CP] Embed Pods Frameworks";
			outputPaths = (
			);
			runOnlyForDeploymentPostprocessing = 0;
			shellPath = /bin/sh;
			shellScript = "\"${SRCROOT}/Pods/Target Support Files/Pods-PBKeyValueDB/Pods-PBKeyValueDB-frameworks.sh\"\n";
			showEnvVarsInLog = 0;
		};
		C015E295FA44CD0C7705A541 /* [CP] Check Pods Manifest.lock */ = {
			isa = PBXShellScriptBuildPhase;
			buildActionMask = 2147483647;
			files = (
			);
			inputPaths = (
			);
			name = "[CP] Check Pods Manifest.lock";
			outputPaths = (
			);
			runOnlyForDeploymentPostprocessing = 0;
			shellPath = /bin/sh;
			shellScript = "diff \"${PODS_ROOT}/../Podfile.lock\" \"${PODS_ROOT}/Manifest.lock\" > /dev/null\nif [ $? != 0 ] ; then\n    # print error to STDERR\n    echo \"error: The sandbox is not in sync with the Podfile.lock. Run 'pod install' or update your CocoaPods installation.\" >&2\n    exit 1\nfi\n";
			showEnvVarsInLog = 0;
		};
/* End PBXShellScriptBuildPhase section */

/* Begin PBXSourcesBuildPhase section */
		91A979671DF7F67500982FDC /* Sources */ = {
			isa = PBXSourcesBuildPhase;
			buildActionMask = 2147483647;
			files = (
				91A979761DF7F67500982FDC /* ViewController.m in Sources */,
				91A979731DF7F67500982FDC /* AppDelegate.m in Sources */,
				91A979701DF7F67500982FDC /* main.m in Sources */,
				91A979881DF7F6C600982FDC /* PBKeyValueDB.m in Sources */,
			);
			runOnlyForDeploymentPostprocessing = 0;
		};
/* End PBXSourcesBuildPhase section */

/* Begin PBXVariantGroup section */
		91A979771DF7F67500982FDC /* Main.storyboard */ = {
			isa = PBXVariantGroup;
			children = (
				91A979781DF7F67500982FDC /* Base */,
			);
			name = Main.storyboard;
			sourceTree = "<group>";
		};
		91A9797C1DF7F67500982FDC /* LaunchScreen.storyboard */ = {
			isa = PBXVariantGroup;
			children = (
				91A9797D1DF7F67500982FDC /* Base */,
			);
			name = LaunchScreen.storyboard;
			sourceTree = "<group>";
		};
/* End PBXVariantGroup section */

/* Begin XCBuildConfiguration section */
		91A979801DF7F67500982FDC /* Debug */ = {
			isa = XCBuildConfiguration;
			buildSettings = {
				ALWAYS_SEARCH_USER_PATHS = NO;
				CLANG_ANALYZER_NONNULL = YES;
				CLANG_CXX_LANGUAGE_STANDARD = "gnu++0x";
				CLANG_CXX_LIBRARY = "libc++";
				CLANG_ENABLE_MODULES = YES;
				CLANG_ENABLE_OBJC_ARC = YES;
				CLANG_WARN_BOOL_CONVERSION = YES;
				CLANG_WARN_CONSTANT_CONVERSION = YES;
				CLANG_WARN_DIRECT_OBJC_ISA_USAGE = YES_ERROR;
				CLANG_WARN_DOCUMENTATION_COMMENTS = YES;
				CLANG_WARN_EMPTY_BODY = YES;
				CLANG_WARN_ENUM_CONVERSION = YES;
				CLANG_WARN_INFINITE_RECURSION = YES;
				CLANG_WARN_INT_CONVERSION = YES;
				CLANG_WARN_OBJC_ROOT_CLASS = YES_ERROR;
				CLANG_WARN_SUSPICIOUS_MOVES = YES;
				CLANG_WARN_UNREACHABLE_CODE = YES;
				CLANG_WARN__DUPLICATE_METHOD_MATCH = YES;
				"CODE_SIGN_IDENTITY[sdk=iphoneos*]" = "iPhone Developer";
				COPY_PHASE_STRIP = NO;
				DEBUG_INFORMATION_FORMAT = dwarf;
				ENABLE_STRICT_OBJC_MSGSEND = YES;
				ENABLE_TESTABILITY = YES;
				GCC_C_LANGUAGE_STANDARD = gnu99;
				GCC_DYNAMIC_NO_PIC = NO;
				GCC_NO_COMMON_BLOCKS = YES;
				GCC_OPTIMIZATION_LEVEL = 0;
				GCC_PREPROCESSOR_DEFINITIONS = (
					"DEBUG=1",
					"$(inherited)",
				);
				GCC_WARN_64_TO_32_BIT_CONVERSION = YES;
				GCC_WARN_ABOUT_RETURN_TYPE = YES_ERROR;
				GCC_WARN_UNDECLARED_SELECTOR = YES;
				GCC_WARN_UNINITIALIZED_AUTOS = YES_AGGRESSIVE;
				GCC_WARN_UNUSED_FUNCTION = YES;
				GCC_WARN_UNUSED_VARIABLE = YES;
				IPHONEOS_DEPLOYMENT_TARGET = 10.1;
				MTL_ENABLE_DEBUG_INFO = YES;
				ONLY_ACTIVE_ARCH = YES;
				SDKROOT = iphoneos;
				TARGETED_DEVICE_FAMILY = "1,2";
			};
			name = Debug;
		};
		91A979811DF7F67500982FDC /* Release */ = {
			isa = XCBuildConfiguration;
			buildSettings = {
				ALWAYS_SEARCH_USER_PATHS = NO;
				CLANG_ANALYZER_NONNULL = YES;
				CLANG_CXX_LANGUAGE_STANDARD = "gnu++0x";
				CLANG_CXX_LIBRARY = "libc++";
				CLANG_ENABLE_MODULES = YES;
				CLANG_ENABLE_OBJC_ARC = YES;
				CLANG_WARN_BOOL_CONVERSION = YES;
				CLANG_WARN_CONSTANT_CONVERSION = YES;
				CLANG_WARN_DIRECT_OBJC_ISA_USAGE = YES_ERROR;
				CLANG_WARN_DOCUMENTATION_COMMENTS = YES;
				CLANG_WARN_EMPTY_BODY = YES;
				CLANG_WARN_ENUM_CONVERSION = YES;
				CLANG_WARN_INFINITE_RECURSION = YES;
				CLANG_WARN_INT_CONVERSION = YES;
				CLANG_WARN_OBJC_ROOT_CLASS = YES_ERROR;
				CLANG_WARN_SUSPICIOUS_MOVES = YES;
				CLANG_WARN_UNREACHABLE_CODE = YES;
				CLANG_WARN__DUPLICATE_METHOD_MATCH = YES;
				"CODE_SIGN_IDENTITY[sdk=iphoneos*]" = "iPhone Developer";
				COPY_PHASE_STRIP = NO;
				DEBUG_INFORMATION_FORMAT = "dwarf-with-dsym";
				ENABLE_NS_ASSERTIONS = NO;
				ENABLE_STRICT_OBJC_MSGSEND = YES;
				GCC_C_LANGUAGE_STANDARD = gnu99;
				GCC_NO_COMMON_BLOCKS = YES;
				GCC_WARN_64_TO_32_BIT_CONVERSION = YES;
				GCC_WARN_ABOUT_RETURN_TYPE = YES_ERROR;
				GCC_WARN_UNDECLARED_SELECTOR = YES;
				GCC_WARN_UNINITIALIZED_AUTOS = YES_AGGRESSIVE;
				GCC_WARN_UNUSED_FUNCTION = YES;
				GCC_WARN_UNUSED_VARIABLE = YES;
				IPHONEOS_DEPLOYMENT_TARGET = 10.1;
				MTL_ENABLE_DEBUG_INFO = NO;
				SDKROOT = iphoneos;
				TARGETED_DEVICE_FAMILY = "1,2";
				VALIDATE_PRODUCT = YES;
			};
			name = Release;
		};
		91A979831DF7F67500982FDC /* Debug */ = {
			isa = XCBuildConfiguration;
			baseConfigurationReference = F9EDA966212F19BAC38AC0F0 /* Pods-PBKeyValueDB.debug.xcconfig */;
			buildSettings = {
				ASSETCATALOG_COMPILER_APPICON_NAME = AppIcon;
				DEVELOPMENT_TEAM = A69NAS5AY7;
				INFOPLIST_FILE = PBKeyValueDB/Info.plist;
				IPHONEOS_DEPLOYMENT_TARGET = 8.0;
				LD_RUNPATH_SEARCH_PATHS = "$(inherited) @executable_path/Frameworks";
				PRODUCT_BUNDLE_IDENTIFIER = "com.PB-Tech.PBKeyValueDB";
				PRODUCT_NAME = "$(TARGET_NAME)";
				PROVISIONING_PROFILE = "71538c58-725a-4f3b-8383-f3942a6e980c";
				PROVISIONING_PROFILE_SPECIFIER = mtp_void_sign;
			};
			name = Debug;
		};
		91A979841DF7F67500982FDC /* Release */ = {
			isa = XCBuildConfiguration;
			baseConfigurationReference = A5F0F2DE431F4EA9317F6F8C /* Pods-PBKeyValueDB.release.xcconfig */;
			buildSettings = {
				ASSETCATALOG_COMPILER_APPICON_NAME = AppIcon;
				DEVELOPMENT_TEAM = A69NAS5AY7;
				INFOPLIST_FILE = PBKeyValueDB/Info.plist;
				IPHONEOS_DEPLOYMENT_TARGET = 8.0;
				LD_RUNPATH_SEARCH_PATHS = "$(inherited) @executable_path/Frameworks";
				PRODUCT_BUNDLE_IDENTIFIER = "com.PB-Tech.PBKeyValueDB";
				PRODUCT_NAME = "$(TARGET_NAME)";
				PROVISIONING_PROFILE = "71538c58-725a-4f3b-8383-f3942a6e980c";
				PROVISIONING_PROFILE_SPECIFIER = mtp_void_sign;
			};
			name = Release;
		};
/* End XCBuildConfiguration section */

/* Begin XCConfigurationList section */
		91A979661DF7F67500982FDC /* Build configuration list for PBXProject "PBKeyValueDB" */ = {
			isa = XCConfigurationList;
			buildConfigurations = (
				91A979801DF7F67500982FDC /* Debug */,
				91A979811DF7F67500982FDC /* Release */,
			);
			defaultConfigurationIsVisible = 0;
			defaultConfigurationName = Release;
		};
		91A979821DF7F67500982FDC /* Build configuration list for PBXNativeTarget "PBKeyValueDB" */ = {
			isa = XCConfigurationList;
			buildConfigurations = (
				91A979831DF7F67500982FDC /* Debug */,
				91A979841DF7F67500982FDC /* Release */,
			);
			defaultConfigurationIsVisible = 0;
			defaultConfigurationName = Release;
		};
/* End XCConfigurationList section */
	};
	rootObject = 91A979631DF7F67500982FDC /* Project object */;
}
